
Microsoft Visual Studio Solution File, Format Version 12.00
# Visual Studio 14
VisualStudioVersion = 14.0.24720.0
MinimumVisualStudioVersion = 10.0.40219.1
Project("{FAE04EC0-301F-11D3-BF4B-00C04F79EFBC}") = "EasyBikeWebApp", "EasyBikeWebApp\EasyBikeWebApp.csproj", "{4F548CF7-4317-4EA9-B677-1C6BA5622B7D}"
EndProject
Project("{FAE04EC0-301F-11D3-BF4B-00C04F79EFBC}") = "Domain.Entities", "..\Domain.Entities\Domain.Entities.csproj", "{E08250B5-E0F3-4BFC-BE84-5060AEF1BEDB}"
EndProject
Project("{FAE04EC0-301F-11D3-BF4B-00C04F79EFBC}") = "Domain.Interfaces", "Domain.Interfaces\Domain.Interfaces.csproj", "{BDEFEC46-2443-48FB-8630-806DD777AF86}"
EndProject
Project("{FAE04EC0-301F-11D3-BF4B-00C04F79EFBC}") = "Domain.Repositories", "Repositories\Domain.Repositories.csproj", "{F1F47B5F-38A0-4BA6-A19E-9DC1961A17B6}"
EndProject
Project("{FAE04EC0-301F-11D3-BF4B-00C04F79EFBC}") = "Application.Interfaces", "Application.Interfaces\Application.Interfaces.csproj", "{839C2CF2-AA0A-4B9A-BD0C-9081EA21B2DF}"
EndProject
Project("{FAE04EC0-301F-11D3-BF4B-00C04F79EFBC}") = "Application.Implementation", "Application.Implementation\Application.Implementation.csproj", "{52812A57-DFA1-4B0D-B27D-C89336A495F0}"
EndProject
Global
	GlobalSection(SolutionConfigurationPlatforms) = preSolution
		Debug|Any CPU = Debug|Any CPU
		Release|Any CPU = Release|Any CPU
	EndGlobalSection
	GlobalSection(ProjectConfigurationPlatforms) = postSolution
		{4F548CF7-4317-4EA9-B677-1C6BA5622B7D}.Debug|Any CPU.ActiveCfg = Debug|Any CPU
		{4F548CF7-4317-4EA9-B677-1C6BA5622B7D}.Debug|Any CPU.Build.0 = Debug|Any CPU
		{4F548CF7-4317-4EA9-B677-1C6BA5622B7D}.Release|Any CPU.ActiveCfg = Release|Any CPU
		{4F548CF7-4317-4EA9-B677-1C6BA5622B7D}.Release|Any CPU.Build.0 = Release|Any CPU
		{E08250B5-E0F3-4BFC-BE84-5060AEF1BEDB}.Debug|Any CPU.ActiveCfg = Debug|Any CPU
		{E08250B5-E0F3-4BFC-BE84-5060AEF1BEDB}.Debug|Any CPU.Build.0 = Debug|Any CPU
		{E08250B5-E0F3-4BFC-BE84-5060AEF1BEDB}.Release|Any CPU.ActiveCfg = Release|Any CPU
		{E08250B5-E0F3-4BFC-BE84-5060AEF1BEDB}.Release|Any CPU.Build.0 = Release|Any CPU
		{BDEFEC46-2443-48FB-8630-806DD777AF86}.Debug|Any CPU.ActiveCfg = Debug|Any CPU
		{BDEFEC46-2443-48FB-8630-806DD777AF86}.Debug|Any CPU.Build.0 = Debug|Any CPU
		{BDEFEC46-2443-48FB-8630-806DD777AF86}.Release|Any CPU.ActiveCfg = Release|Any CPU
		{BDEFEC46-2443-48FB-8630-806DD777AF86}.Release|Any CPU.Build.0 = Release|Any CPU
		{F1F47B5F-38A0-4BA6-A19E-9DC1961A17B6}.Debug|Any CPU.ActiveCfg = Debug|Any CPU
		{F1F47B5F-38A0-4BA6-A19E-9DC1961A17B6}.Debug|Any CPU.Build.0 = Debug|Any CPU
		{F1F47B5F-38A0-4BA6-A19E-9DC1961A17B6}.Release|Any CPU.ActiveCfg = Release|Any CPU
		{F1F47B5F-38A0-4BA6-A19E-9DC1961A17B6}.Release|Any CPU.Build.0 = Release|Any CPU
		{839C2CF2-AA0A-4B9A-BD0C-9081EA21B2DF}.Debug|Any CPU.ActiveCfg = Debug|Any CPU
		{839C2CF2-AA0A-4B9A-BD0C-9081EA21B2DF}.Debug|Any CPU.Build.0 = Debug|Any CPU
		{839C2CF2-AA0A-4B9A-BD0C-9081EA21B2DF}.Release|Any CPU.ActiveCfg = Release|Any CPU
		{839C2CF2-AA0A-4B9A-BD0C-9081EA21B2DF}.Release|Any CPU.Build.0 = Release|Any CPU
		{52812A57-DFA1-4B0D-B27D-C89336A495F0}.Debug|Any CPU.ActiveCfg = Debug|Any CPU
		{52812A57-DFA1-4B0D-B27D-C89336A495F0}.Debug|Any CPU.Build.0 = Debug|Any CPU
		{52812A57-DFA1-4B0D-B27D-C89336A495F0}.Release|Any CPU.ActiveCfg = Release|Any CPU
		{52812A57-DFA1-4B0D-B27D-C89336A495F0}.Release|Any CPU.Build.0 = Release|Any CPU
	EndGlobalSection
	GlobalSection(SolutionProperties) = preSolution
		HideSolutionNode = FALSE
	EndGlobalSection
EndGlobal
